
Microsoft Visual Studio Solution File, Format Version 12.00
# Visual Studio Version 17
VisualStudioVersion = 17.14.36121.58
MinimumVisualStudioVersion = 10.0.40219.1
Project("{FAE04EC0-301F-11D3-BF4B-00C04F79EFBC}") = "Requests.bl", "Request.bl\Requests.bl.csproj", "{AB211146-9687-4E06-AB46-317B68C13200}"
EndProject
Project("{FAE04EC0-301F-11D3-BF4B-00C04F79EFBC}") = "Requests.dal", "Reauests.dal\Requests.dal.csproj", "{21C1E021-64B3-4527-88F6-8271050A359E}"
EndProject
Project("{FAE04EC0-301F-11D3-BF4B-00C04F79EFBC}") = "Requests.api", "Requests.api\Requests.api.csproj", "{FA41EC73-2F82-4949-828B-CD84FAE5E45C}"
EndProject
Project("{2150E333-8FDC-42A3-9474-1A3956D46DE8}") = "Solution Items", "Solution Items", "{8EC462FD-D22E-90A8-E5CE-7E832BA40C5D}"
	ProjectSection(SolutionItems) = preProject
		commands.txt = commands.txt
	EndProjectSection
EndProject
Global
	GlobalSection(SolutionConfigurationPlatforms) = preSolution
		Debug|Any CPU = Debug|Any CPU
		Release|Any CPU = Release|Any CPU
	EndGlobalSection
	GlobalSection(ProjectConfigurationPlatforms) = postSolution
		{AB211146-9687-4E06-AB46-317B68C13200}.Debug|Any CPU.ActiveCfg = Debug|Any CPU
		{AB211146-9687-4E06-AB46-317B68C13200}.Debug|Any CPU.Build.0 = Debug|Any CPU
		{AB211146-9687-4E06-AB46-317B68C13200}.Release|Any CPU.ActiveCfg = Release|Any CPU
		{AB211146-9687-4E06-AB46-317B68C13200}.Release|Any CPU.Build.0 = Release|Any CPU
		{21C1E021-64B3-4527-88F6-8271050A359E}.Debug|Any CPU.ActiveCfg = Debug|Any CPU
		{21C1E021-64B3-4527-88F6-8271050A359E}.Debug|Any CPU.Build.0 = Debug|Any CPU
		{21C1E021-64B3-4527-88F6-8271050A359E}.Release|Any CPU.ActiveCfg = Release|Any CPU
		{21C1E021-64B3-4527-88F6-8271050A359E}.Release|Any CPU.Build.0 = Release|Any CPU
		{FA41EC73-2F82-4949-828B-CD84FAE5E45C}.Debug|Any CPU.ActiveCfg = Debug|Any CPU
		{FA41EC73-2F82-4949-828B-CD84FAE5E45C}.Debug|Any CPU.Build.0 = Debug|Any CPU
		{FA41EC73-2F82-4949-828B-CD84FAE5E45C}.Release|Any CPU.ActiveCfg = Release|Any CPU
		{FA41EC73-2F82-4949-828B-CD84FAE5E45C}.Release|Any CPU.Build.0 = Release|Any CPU
	EndGlobalSection
	GlobalSection(SolutionProperties) = preSolution
		HideSolutionNode = FALSE
	EndGlobalSection
	GlobalSection(ExtensibilityGlobals) = postSolution
		SolutionGuid = {42F05919-0EC9-40BA-BEC7-49E5B38B99B0}
	EndGlobalSection
EndGlobal
